
Microsoft Visual Studio Solution File, Format Version 12.00
# Visual Studio Version 16
VisualStudioVersion = 16.0.30804.86
MinimumVisualStudioVersion = 15.0.26124.0
Project("{9A19103F-16F7-4668-BE54-9A1E7A4F7556}") = "HomeComfort.ML.Console", "HomeComfort.ML.Console\HomeComfort.ML.Console.csproj", "{B8FFAA8B-BB33-4EAE-9992-E0D78BEF9316}"
EndProject
Project("{9A19103F-16F7-4668-BE54-9A1E7A4F7556}") = "HomeComfort.ML", "HomeComfort.ML\HomeComfort.ML.csproj", "{C3FC71FE-86AD-4202-A358-02EABC48348A}"
EndProject
Project("{9A19103F-16F7-4668-BE54-9A1E7A4F7556}") = "HomeComfort.ML.Test", "HomeComfort.ML.Test\HomeComfort.ML.Test.csproj", "{686B6F78-2079-4461-B4DF-3958BABA62CD}"
EndProject
Global
	GlobalSection(SolutionConfigurationPlatforms) = preSolution
		Debug|Any CPU = Debug|Any CPU
		Debug|x64 = Debug|x64
		Debug|x86 = Debug|x86
		Release|Any CPU = Release|Any CPU
		Release|x64 = Release|x64
		Release|x86 = Release|x86
	EndGlobalSection
	GlobalSection(ProjectConfigurationPlatforms) = postSolution
		{B8FFAA8B-BB33-4EAE-9992-E0D78BEF9316}.Debug|Any CPU.ActiveCfg = Debug|Any CPU
		{B8FFAA8B-BB33-4EAE-9992-E0D78BEF9316}.Debug|Any CPU.Build.0 = Debug|Any CPU
		{B8FFAA8B-BB33-4EAE-9992-E0D78BEF9316}.Debug|x64.ActiveCfg = Debug|Any CPU
		{B8FFAA8B-BB33-4EAE-9992-E0D78BEF9316}.Debug|x64.Build.0 = Debug|Any CPU
		{B8FFAA8B-BB33-4EAE-9992-E0D78BEF9316}.Debug|x86.ActiveCfg = Debug|Any CPU
		{B8FFAA8B-BB33-4EAE-9992-E0D78BEF9316}.Debug|x86.Build.0 = Debug|Any CPU
		{B8FFAA8B-BB33-4EAE-9992-E0D78BEF9316}.Release|Any CPU.ActiveCfg = Release|Any CPU
		{B8FFAA8B-BB33-4EAE-9992-E0D78BEF9316}.Release|Any CPU.Build.0 = Release|Any CPU
		{B8FFAA8B-BB33-4EAE-9992-E0D78BEF9316}.Release|x64.ActiveCfg = Release|Any CPU
		{B8FFAA8B-BB33-4EAE-9992-E0D78BEF9316}.Release|x64.Build.0 = Release|Any CPU
		{B8FFAA8B-BB33-4EAE-9992-E0D78BEF9316}.Release|x86.ActiveCfg = Release|Any CPU
		{B8FFAA8B-BB33-4EAE-9992-E0D78BEF9316}.Release|x86.Build.0 = Release|Any CPU
		{C3FC71FE-86AD-4202-A358-02EABC48348A}.Debug|Any CPU.ActiveCfg = Debug|Any CPU
		{C3FC71FE-86AD-4202-A358-02EABC48348A}.Debug|Any CPU.Build.0 = Debug|Any CPU
		{C3FC71FE-86AD-4202-A358-02EABC48348A}.Debug|x64.ActiveCfg = Debug|Any CPU
		{C3FC71FE-86AD-4202-A358-02EABC48348A}.Debug|x64.Build.0 = Debug|Any CPU
		{C3FC71FE-86AD-4202-A358-02EABC48348A}.Debug|x86.ActiveCfg = Debug|Any CPU
		{C3FC71FE-86AD-4202-A358-02EABC48348A}.Debug|x86.Build.0 = Debug|Any CPU
		{C3FC71FE-86AD-4202-A358-02EABC48348A}.Release|Any CPU.ActiveCfg = Release|Any CPU
		{C3FC71FE-86AD-4202-A358-02EABC48348A}.Release|Any CPU.Build.0 = Release|Any CPU
		{C3FC71FE-86AD-4202-A358-02EABC48348A}.Release|x64.ActiveCfg = Release|Any CPU
		{C3FC71FE-86AD-4202-A358-02EABC48348A}.Release|x64.Build.0 = Release|Any CPU
		{C3FC71FE-86AD-4202-A358-02EABC48348A}.Release|x86.ActiveCfg = Release|Any CPU
		{C3FC71FE-86AD-4202-A358-02EABC48348A}.Release|x86.Build.0 = Release|Any CPU
		{686B6F78-2079-4461-B4DF-3958BABA62CD}.Debug|Any CPU.ActiveCfg = Debug|Any CPU
		{686B6F78-2079-4461-B4DF-3958BABA62CD}.Debug|Any CPU.Build.0 = Debug|Any CPU
		{686B6F78-2079-4461-B4DF-3958BABA62CD}.Debug|x64.ActiveCfg = Debug|Any CPU
		{686B6F78-2079-4461-B4DF-3958BABA62CD}.Debug|x64.Build.0 = Debug|Any CPU
		{686B6F78-2079-4461-B4DF-3958BABA62CD}.Debug|x86.ActiveCfg = Debug|Any CPU
		{686B6F78-2079-4461-B4DF-3958BABA62CD}.Debug|x86.Build.0 = Debug|Any CPU
		{686B6F78-2079-4461-B4DF-3958BABA62CD}.Release|Any CPU.ActiveCfg = Release|Any CPU
		{686B6F78-2079-4461-B4DF-3958BABA62CD}.Release|Any CPU.Build.0 = Release|Any CPU
		{686B6F78-2079-4461-B4DF-3958BABA62CD}.Release|x64.ActiveCfg = Release|Any CPU
		{686B6F78-2079-4461-B4DF-3958BABA62CD}.Release|x64.Build.0 = Release|Any CPU
		{686B6F78-2079-4461-B4DF-3958BABA62CD}.Release|x86.ActiveCfg = Release|Any CPU
		{686B6F78-2079-4461-B4DF-3958BABA62CD}.Release|x86.Build.0 = Release|Any CPU
	EndGlobalSection
	GlobalSection(SolutionProperties) = preSolution
		HideSolutionNode = FALSE
	EndGlobalSection
	GlobalSection(ExtensibilityGlobals) = postSolution
		SolutionGuid = {0876034B-1739-45CE-89FD-8B558A97B3E7}
	EndGlobalSection
EndGlobal
